
Microsoft Visual Studio Solution File, Format Version 12.00
# Visual Studio Version 17
VisualStudioVersion = 17.5.002.0
MinimumVisualStudioVersion = 10.0.40219.1
Project("{9A19103F-16F7-4668-BE54-9A1E7A4F7556}") = "christian80gabi.github.io", "christian80gabi.github.io.csproj", "{A3315B61-11E5-40FF-A3A0-1F6F9CC0D991}"
EndProject
Global
	GlobalSection(SolutionConfigurationPlatforms) = preSolution
		Debug|Any CPU = Debug|Any CPU
		Release|Any CPU = Release|Any CPU
	EndGlobalSection
	GlobalSection(ProjectConfigurationPlatforms) = postSolution
		{A3315B61-11E5-40FF-A3A0-1F6F9CC0D991}.Debug|Any CPU.ActiveCfg = Debug|Any CPU
		{A3315B61-11E5-40FF-A3A0-1F6F9CC0D991}.Debug|Any CPU.Build.0 = Debug|Any CPU
		{A3315B61-11E5-40FF-A3A0-1F6F9CC0D991}.Release|Any CPU.ActiveCfg = Release|Any CPU
		{A3315B61-11E5-40FF-A3A0-1F6F9CC0D991}.Release|Any CPU.Build.0 = Release|Any CPU
	EndGlobalSection
	GlobalSection(SolutionProperties) = preSolution
		HideSolutionNode = FALSE
	EndGlobalSection
	GlobalSection(ExtensibilityGlobals) = postSolution
		SolutionGuid = {751B0147-DA37-449D-A9D3-79D8C1F5AA78}
	EndGlobalSection
EndGlobal
