
Microsoft Visual Studio Solution File, Format Version 12.00
# Visual Studio Version 17
VisualStudioVersion = 17.4.33213.308
MinimumVisualStudioVersion = 10.0.40219.1
Project("{FAE04EC0-301F-11D3-BF4B-00C04F79EFBC}") = "christian80gabi.github.io", "christian80gabi.github.io.csproj", "{443E23C6-FCA7-4CBD-A62B-BF42213743BF}"
EndProject
Global
	GlobalSection(SolutionConfigurationPlatforms) = preSolution
		Debug|Any CPU = Debug|Any CPU
		Release|Any CPU = Release|Any CPU
	EndGlobalSection
	GlobalSection(ProjectConfigurationPlatforms) = postSolution
		{443E23C6-FCA7-4CBD-A62B-BF42213743BF}.Debug|Any CPU.ActiveCfg = Debug|Any CPU
		{443E23C6-FCA7-4CBD-A62B-BF42213743BF}.Debug|Any CPU.Build.0 = Debug|Any CPU
		{443E23C6-FCA7-4CBD-A62B-BF42213743BF}.Release|Any CPU.ActiveCfg = Release|Any CPU
		{443E23C6-FCA7-4CBD-A62B-BF42213743BF}.Release|Any CPU.Build.0 = Release|Any CPU
	EndGlobalSection
	GlobalSection(SolutionProperties) = preSolution
		HideSolutionNode = FALSE
	EndGlobalSection
	GlobalSection(ExtensibilityGlobals) = postSolution
		SolutionGuid = {9A20B306-F5C6-4F54-9D3A-2A3FCDE2D20C}
	EndGlobalSection
EndGlobal
